
Microsoft Visual Studio Solution File, Format Version 12.00
# Visual Studio 15
VisualStudioVersion = 15.0.28307.329
MinimumVisualStudioVersion = 10.0.40219.1
Project("{8BC9CEB8-8B4A-11D0-8D11-00A0C91BC942}") = "ConsoleApplication1", "ConsoleApplication1\ConsoleApplication1.vcxproj", "{E6BA369A-C5C8-42E0-BBA1-6B0DB054FDE5}"
EndProject
Project("{8BC9CEB8-8B4A-11D0-8D11-00A0C91BC942}") = "ConsoleApplication2", "ConsoleApplication2\ConsoleApplication2.vcxproj", "{FA38E466-B047-4C91-A171-E3295D21873E}"
EndProject
Project("{8BC9CEB8-8B4A-11D0-8D11-00A0C91BC942}") = "ConsoleApplication3", "ConsoleApplication3\ConsoleApplication3.vcxproj", "{EDB6BD5D-3BEA-4BE9-AF21-6F326502EA96}"
EndProject
Project("{8BC9CEB8-8B4A-11D0-8D11-00A0C91BC942}") = "ConsoleApplication4", "ConsoleApplication4\ConsoleApplication4.vcxproj", "{52EBCEC6-7C5A-4FF8-98B7-62F9CEE37636}"
EndProject
Global
	GlobalSection(SolutionConfigurationPlatforms) = preSolution
		Debug|x64 = Debug|x64
		Debug|x86 = Debug|x86
		Release|x64 = Release|x64
		Release|x86 = Release|x86
	EndGlobalSection
	GlobalSection(ProjectConfigurationPlatforms) = postSolution
		{E6BA369A-C5C8-42E0-BBA1-6B0DB054FDE5}.Debug|x64.ActiveCfg = Debug|x64
		{E6BA369A-C5C8-42E0-BBA1-6B0DB054FDE5}.Debug|x64.Build.0 = Debug|x64
		{E6BA369A-C5C8-42E0-BBA1-6B0DB054FDE5}.Debug|x86.ActiveCfg = Debug|Win32
		{E6BA369A-C5C8-42E0-BBA1-6B0DB054FDE5}.Debug|x86.Build.0 = Debug|Win32
		{E6BA369A-C5C8-42E0-BBA1-6B0DB054FDE5}.Release|x64.ActiveCfg = Release|x64
		{E6BA369A-C5C8-42E0-BBA1-6B0DB054FDE5}.Release|x64.Build.0 = Release|x64
		{E6BA369A-C5C8-42E0-BBA1-6B0DB054FDE5}.Release|x86.ActiveCfg = Release|Win32
		{E6BA369A-C5C8-42E0-BBA1-6B0DB054FDE5}.Release|x86.Build.0 = Release|Win32
		{FA38E466-B047-4C91-A171-E3295D21873E}.Debug|x64.ActiveCfg = Debug|x64
		{FA38E466-B047-4C91-A171-E3295D21873E}.Debug|x64.Build.0 = Debug|x64
		{FA38E466-B047-4C91-A171-E3295D21873E}.Debug|x86.ActiveCfg = Debug|Win32
		{FA38E466-B047-4C91-A171-E3295D21873E}.Debug|x86.Build.0 = Debug|Win32
		{FA38E466-B047-4C91-A171-E3295D21873E}.Release|x64.ActiveCfg = Release|x64
		{FA38E466-B047-4C91-A171-E3295D21873E}.Release|x64.Build.0 = Release|x64
		{FA38E466-B047-4C91-A171-E3295D21873E}.Release|x86.ActiveCfg = Release|Win32
		{FA38E466-B047-4C91-A171-E3295D21873E}.Release|x86.Build.0 = Release|Win32
		{EDB6BD5D-3BEA-4BE9-AF21-6F326502EA96}.Debug|x64.ActiveCfg = Debug|x64
		{EDB6BD5D-3BEA-4BE9-AF21-6F326502EA96}.Debug|x64.Build.0 = Debug|x64
		{EDB6BD5D-3BEA-4BE9-AF21-6F326502EA96}.Debug|x86.ActiveCfg = Debug|Win32
		{EDB6BD5D-3BEA-4BE9-AF21-6F326502EA96}.Debug|x86.Build.0 = Debug|Win32
		{EDB6BD5D-3BEA-4BE9-AF21-6F326502EA96}.Release|x64.ActiveCfg = Release|x64
		{EDB6BD5D-3BEA-4BE9-AF21-6F326502EA96}.Release|x64.Build.0 = Release|x64
		{EDB6BD5D-3BEA-4BE9-AF21-6F326502EA96}.Release|x86.ActiveCfg = Release|Win32
		{EDB6BD5D-3BEA-4BE9-AF21-6F326502EA96}.Release|x86.Build.0 = Release|Win32
		{52EBCEC6-7C5A-4FF8-98B7-62F9CEE37636}.Debug|x64.ActiveCfg = Debug|x64
		{52EBCEC6-7C5A-4FF8-98B7-62F9CEE37636}.Debug|x64.Build.0 = Debug|x64
		{52EBCEC6-7C5A-4FF8-98B7-62F9CEE37636}.Debug|x86.ActiveCfg = Debug|Win32
		{52EBCEC6-7C5A-4FF8-98B7-62F9CEE37636}.Debug|x86.Build.0 = Debug|Win32
		{52EBCEC6-7C5A-4FF8-98B7-62F9CEE37636}.Release|x64.ActiveCfg = Release|x64
		{52EBCEC6-7C5A-4FF8-98B7-62F9CEE37636}.Release|x64.Build.0 = Release|x64
		{52EBCEC6-7C5A-4FF8-98B7-62F9CEE37636}.Release|x86.ActiveCfg = Release|Win32
		{52EBCEC6-7C5A-4FF8-98B7-62F9CEE37636}.Release|x86.Build.0 = Release|Win32
	EndGlobalSection
	GlobalSection(SolutionProperties) = preSolution
		HideSolutionNode = FALSE
	EndGlobalSection
	GlobalSection(ExtensibilityGlobals) = postSolution
		SolutionGuid = {81191E15-1C7B-429B-A580-83796FBEF89E}
	EndGlobalSection
EndGlobal
